
Microsoft Visual Studio Solution File, Format Version 12.00
# Visual Studio Version 17
VisualStudioVersion = 17.0.31903.59
MinimumVisualStudioVersion = 10.0.40219.1
Project("{9A19103F-16F7-4668-BE54-9A1E7A4F7556}") = "AzDoCopilotSK", "src\AzDoCopilotSK.csproj", "{86319A22-3E61-4704-A92F-38A2DEFEAE21}"
EndProject
Project("{9A19103F-16F7-4668-BE54-9A1E7A4F7556}") = "EvalPrompts", "EvalPrompts\EvalPrompts.csproj", "{73B3F594-2BCD-454C-A294-20BFA958417D}"
EndProject
Project("{FAE04EC0-301F-11D3-BF4B-00C04F79EFBC}") = "Mapache.PromptEvalDotNet", "Mapache.PromptEvalDotNet\Mapache.PromptEvalDotNet.csproj", "{18763084-1EAA-454C-8548-9EFE18405351}"
EndProject
Global
	GlobalSection(SolutionConfigurationPlatforms) = preSolution
		Debug|Any CPU = Debug|Any CPU
		Release|Any CPU = Release|Any CPU
	EndGlobalSection
	GlobalSection(ProjectConfigurationPlatforms) = postSolution
		{86319A22-3E61-4704-A92F-38A2DEFEAE21}.Debug|Any CPU.ActiveCfg = Debug|Any CPU
		{86319A22-3E61-4704-A92F-38A2DEFEAE21}.Debug|Any CPU.Build.0 = Debug|Any CPU
		{86319A22-3E61-4704-A92F-38A2DEFEAE21}.Release|Any CPU.ActiveCfg = Release|Any CPU
		{86319A22-3E61-4704-A92F-38A2DEFEAE21}.Release|Any CPU.Build.0 = Release|Any CPU
		{73B3F594-2BCD-454C-A294-20BFA958417D}.Debug|Any CPU.ActiveCfg = Debug|Any CPU
		{73B3F594-2BCD-454C-A294-20BFA958417D}.Debug|Any CPU.Build.0 = Debug|Any CPU
		{73B3F594-2BCD-454C-A294-20BFA958417D}.Release|Any CPU.ActiveCfg = Release|Any CPU
		{73B3F594-2BCD-454C-A294-20BFA958417D}.Release|Any CPU.Build.0 = Release|Any CPU
		{18763084-1EAA-454C-8548-9EFE18405351}.Debug|Any CPU.ActiveCfg = Debug|Any CPU
		{18763084-1EAA-454C-8548-9EFE18405351}.Debug|Any CPU.Build.0 = Debug|Any CPU
		{18763084-1EAA-454C-8548-9EFE18405351}.Release|Any CPU.ActiveCfg = Release|Any CPU
		{18763084-1EAA-454C-8548-9EFE18405351}.Release|Any CPU.Build.0 = Release|Any CPU
	EndGlobalSection
	GlobalSection(SolutionProperties) = preSolution
		HideSolutionNode = FALSE
	EndGlobalSection
	GlobalSection(ExtensibilityGlobals) = postSolution
		SolutionGuid = {883A1199-AB0A-4803-8557-B94BF267C2C6}
	EndGlobalSection
EndGlobal
